
Microsoft Visual Studio Solution File, Format Version 12.00
# Visual Studio Version 16
VisualStudioVersion = 16.0.31515.178
MinimumVisualStudioVersion = 10.0.40219.1
Project("{9A19103F-16F7-4668-BE54-9A1E7A4F7556}") = "WebApiClass.Api", "WebApiClass.Api\WebApiClass.Api.csproj", "{14DF3D81-6435-42A4-8470-FB3091269B87}"
EndProject
Project("{9A19103F-16F7-4668-BE54-9A1E7A4F7556}") = "WebApiClass.Model", "WebApiClass.Model\WebApiClass.Model.csproj", "{85B418D4-142E-4717-9827-38CBB14535A0}"
EndProject
Project("{9A19103F-16F7-4668-BE54-9A1E7A4F7556}") = "WebApiClass.Service", "WebApiClass.Services\WebApiClass.Service.csproj", "{8425A153-BF8B-42BF-A9FA-C5F279B1DFD8}"
EndProject
Project("{9A19103F-16F7-4668-BE54-9A1E7A4F7556}") = "WebApiClass.Data", "WebApiClass.Data\WebApiClass.Data.csproj", "{1098381F-6BA1-4B0D-8DD4-DE3B34E77EE9}"
EndProject
Global
	GlobalSection(SolutionConfigurationPlatforms) = preSolution
		Debug|Any CPU = Debug|Any CPU
		Release|Any CPU = Release|Any CPU
	EndGlobalSection
	GlobalSection(ProjectConfigurationPlatforms) = postSolution
		{14DF3D81-6435-42A4-8470-FB3091269B87}.Debug|Any CPU.ActiveCfg = Debug|Any CPU
		{14DF3D81-6435-42A4-8470-FB3091269B87}.Debug|Any CPU.Build.0 = Debug|Any CPU
		{14DF3D81-6435-42A4-8470-FB3091269B87}.Release|Any CPU.ActiveCfg = Release|Any CPU
		{14DF3D81-6435-42A4-8470-FB3091269B87}.Release|Any CPU.Build.0 = Release|Any CPU
		{85B418D4-142E-4717-9827-38CBB14535A0}.Debug|Any CPU.ActiveCfg = Debug|Any CPU
		{85B418D4-142E-4717-9827-38CBB14535A0}.Debug|Any CPU.Build.0 = Debug|Any CPU
		{85B418D4-142E-4717-9827-38CBB14535A0}.Release|Any CPU.ActiveCfg = Release|Any CPU
		{85B418D4-142E-4717-9827-38CBB14535A0}.Release|Any CPU.Build.0 = Release|Any CPU
		{8425A153-BF8B-42BF-A9FA-C5F279B1DFD8}.Debug|Any CPU.ActiveCfg = Debug|Any CPU
		{8425A153-BF8B-42BF-A9FA-C5F279B1DFD8}.Debug|Any CPU.Build.0 = Debug|Any CPU
		{8425A153-BF8B-42BF-A9FA-C5F279B1DFD8}.Release|Any CPU.ActiveCfg = Release|Any CPU
		{8425A153-BF8B-42BF-A9FA-C5F279B1DFD8}.Release|Any CPU.Build.0 = Release|Any CPU
		{1098381F-6BA1-4B0D-8DD4-DE3B34E77EE9}.Debug|Any CPU.ActiveCfg = Debug|Any CPU
		{1098381F-6BA1-4B0D-8DD4-DE3B34E77EE9}.Debug|Any CPU.Build.0 = Debug|Any CPU
		{1098381F-6BA1-4B0D-8DD4-DE3B34E77EE9}.Release|Any CPU.ActiveCfg = Release|Any CPU
		{1098381F-6BA1-4B0D-8DD4-DE3B34E77EE9}.Release|Any CPU.Build.0 = Release|Any CPU
	EndGlobalSection
	GlobalSection(SolutionProperties) = preSolution
		HideSolutionNode = FALSE
	EndGlobalSection
	GlobalSection(ExtensibilityGlobals) = postSolution
		SolutionGuid = {B0712F47-0563-4CE2-B007-15970D5DFCD2}
	EndGlobalSection
EndGlobal
